[[package]]
name = "bech32"
version = "0.6.0"
source = "registry+https://github.com/rust-lang/crates.io-index"

[[package]]
name = "bitcoin_hashes"
version = "0.3.1"
source = "registry+https://github.com/rust-lang/crates.io-index"
dependencies = [
 "byteorder 1.3.1 (registry+https://github.com/rust-lang/crates.io-index)",
]

[[package]]
name = "byteorder"
version = "1.3.1"
source = "registry+https://github.com/rust-lang/crates.io-index"

[[package]]
name = "cc"
version = "1.0.26"
source = "registry+https://github.com/rust-lang/crates.io-index"

[[package]]
name = "futures"
version = "0.1.25"
source = "registry+https://github.com/rust-lang/crates.io-index"

[[package]]
name = "lappi"
version = "0.1.0"
dependencies = [
 "futures 0.1.25 (registry+https://github.com/rust-lang/crates.io-index)",
 "lightning-invoice 0.2.0 (registry+https://github.com/rust-lang/crates.io-index)",
 "u256 0.1.0 (registry+https://github.com/rust-lang/crates.io-index)",
]

[[package]]
name = "lightning-invoice"
version = "0.2.0"
source = "registry+https://github.com/rust-lang/crates.io-index"
dependencies = [
 "bech32 0.6.0 (registry+https://github.com/rust-lang/crates.io-index)",
 "bitcoin_hashes 0.3.1 (registry+https://github.com/rust-lang/crates.io-index)",
 "num-traits 0.2.6 (registry+https://github.com/rust-lang/crates.io-index)",
 "secp256k1 0.12.2 (registry+https://github.com/rust-lang/crates.io-index)",
]

[[package]]
name = "num-traits"
version = "0.2.6"
source = "registry+https://github.com/rust-lang/crates.io-index"

[[package]]
name = "secp256k1"
version = "0.12.2"
source = "registry+https://github.com/rust-lang/crates.io-index"
dependencies = [
 "cc 1.0.26 (registry+https://github.com/rust-lang/crates.io-index)",
]

[[package]]
name = "u256"
version = "0.1.0"
source = "registry+https://github.com/rust-lang/crates.io-index"

[metadata]
"checksum bech32 0.6.0 (registry+https://github.com/rust-lang/crates.io-index)" = "58946044516aa9dc922182e0d6e9d124a31aafe6b421614654eb27cf90cec09c"
"checksum bitcoin_hashes 0.3.1 (registry+https://github.com/rust-lang/crates.io-index)" = "b019d1475c959f54492cb4e1f7f74da351a5c1bd2cad6b542cd148ee1ce2f232"
"checksum byteorder 1.3.1 (registry+https://github.com/rust-lang/crates.io-index)" = "a019b10a2a7cdeb292db131fc8113e57ea2a908f6e7894b0c3c671893b65dbeb"
"checksum cc 1.0.26 (registry+https://github.com/rust-lang/crates.io-index)" = "389803e36973d242e7fecb092b2de44a3d35ac62524b3b9339e51d577d668e02"
"checksum futures 0.1.25 (registry+https://github.com/rust-lang/crates.io-index)" = "49e7653e374fe0d0c12de4250f0bdb60680b8c80eed558c5c7538eec9c89e21b"
"checksum lightning-invoice 0.2.0 (registry+https://github.com/rust-lang/crates.io-index)" = "275d0874e9e619b1d1e75c7b1dea08f005054154a49dd38beae21689b42f4bfc"
"checksum num-traits 0.2.6 (registry+https://github.com/rust-lang/crates.io-index)" = "0b3a5d7cc97d6d30d8b9bc8fa19bf45349ffe46241e8816f50f62f6d6aaabee1"
"checksum secp256k1 0.12.2 (registry+https://github.com/rust-lang/crates.io-index)" = "bfaccd3a23619349e0878d9a241f34b1982343cdf67367058cd7d078d326b63e"
"checksum u256 0.1.0 (registry+https://github.com/rust-lang/crates.io-index)" = "525b9343eaa3c244a4af0fc3c93725f6e6804d250a7a316461780c28fafcba08"
